// !$*UTF8*$!
{
	archiveVersion = 1;
	classes = {
	};
	objectVersion = 56;
	objects = {

/* Begin PBXBuildFile section */
		1517767885051CCB55E09A4A /* Pods_onban.framework in Frameworks */ = {isa = PBXBuildFile; fileRef = 6F44B96DBCF37984DA8290FD /* Pods_onban.framework */; };
		D27CB8B829120A0B00C3A8EF /* UIImageView +.swift in Sources */ = {isa = PBXBuildFile; fileRef = D27CB8B729120A0B00C3A8EF /* UIImageView +.swift */; };
		D27CB8C0291255DB00C3A8EF /* FileCachedManager.swift in Sources */ = {isa = PBXBuildFile; fileRef = D27CB8BF291255DB00C3A8EF /* FileCachedManager.swift */; };
		D27CB8C32913ADA400C3A8EF /* DetailViewController.swift in Sources */ = {isa = PBXBuildFile; fileRef = D27CB8C22913ADA400C3A8EF /* DetailViewController.swift */; };
		D27CB8C6291494E100C3A8EF /* DetailMainImageCell.swift in Sources */ = {isa = PBXBuildFile; fileRef = D27CB8C5291494E100C3A8EF /* DetailMainImageCell.swift */; };
		D27CB8C82914968D00C3A8EF /* DetailTextView.swift in Sources */ = {isa = PBXBuildFile; fileRef = D27CB8C72914968D00C3A8EF /* DetailTextView.swift */; };
		D27CB8CB2914976F00C3A8EF /* DetailTextMainView.swift in Sources */ = {isa = PBXBuildFile; fileRef = D27CB8CA2914976F00C3A8EF /* DetailTextMainView.swift */; };
		D27CB8CE2914A0CC00C3A8EF /* EventLabel.swift in Sources */ = {isa = PBXBuildFile; fileRef = D27CB8CD2914A0CC00C3A8EF /* EventLabel.swift */; };
		D27CB8D02914A46400C3A8EF /* DetailTextDescriptionView.swift in Sources */ = {isa = PBXBuildFile; fileRef = D27CB8CF2914A46400C3A8EF /* DetailTextDescriptionView.swift */; };
		D27CB8D22914AC3800C3A8EF /* LineView.swift in Sources */ = {isa = PBXBuildFile; fileRef = D27CB8D12914AC3800C3A8EF /* LineView.swift */; };
		D28CED8A290F627700ADDD79 /* OnbanFoodDTO.swift in Sources */ = {isa = PBXBuildFile; fileRef = D28CED89290F627700ADDD79 /* OnbanFoodDTO.swift */; };
		D28CED8D290F83A400ADDD79 /* ViewDefaultMainUsecase.swift in Sources */ = {isa = PBXBuildFile; fileRef = D28CED8C290F83A400ADDD79 /* ViewDefaultMainUsecase.swift */; };
		D28CED90290F83DD00ADDD79 /* ViewMainUsecase.swift in Sources */ = {isa = PBXBuildFile; fileRef = D28CED8F290F83DD00ADDD79 /* ViewMainUsecase.swift */; };
		D28CED92290F847F00ADDD79 /* BasicUsecase.swift in Sources */ = {isa = PBXBuildFile; fileRef = D28CED91290F847F00ADDD79 /* BasicUsecase.swift */; };
		D28CED95290F86A200ADDD79 /* OnbanFoodEntity.swift in Sources */ = {isa = PBXBuildFile; fileRef = D28CED94290F86A200ADDD79 /* OnbanFoodEntity.swift */; };
		D28CED97290F9D4900ADDD79 /* RxSwift +.swift in Sources */ = {isa = PBXBuildFile; fileRef = D28CED96290F9D4900ADDD79 /* RxSwift +.swift */; };
		D28CED99290FB7CD00ADDD79 /* OnbanService.swift in Sources */ = {isa = PBXBuildFile; fileRef = D28CED98290FB7CD00ADDD79 /* OnbanService.swift */; };
		D28CED9B290FBD2600ADDD79 /* NetworkProvider.swift in Sources */ = {isa = PBXBuildFile; fileRef = D28CED9A290FBD2600ADDD79 /* NetworkProvider.swift */; };
		D28CED9E290FC29000ADDD79 /* ViewDefaultMainRepository.swift in Sources */ = {isa = PBXBuildFile; fileRef = D28CED9D290FC29000ADDD79 /* ViewDefaultMainRepository.swift */; };
		D28CEDA0290FC66500ADDD79 /* JSONConverter.swift in Sources */ = {isa = PBXBuildFile; fileRef = D28CED9F290FC66500ADDD79 /* JSONConverter.swift */; };
		D28CEDA2290FC87800ADDD79 /* NetworkError.swift in Sources */ = {isa = PBXBuildFile; fileRef = D28CEDA1290FC87800ADDD79 /* NetworkError.swift */; };
		D28CEDA429109AE800ADDD79 /* BasicRepository.swift in Sources */ = {isa = PBXBuildFile; fileRef = D28CEDA329109AE800ADDD79 /* BasicRepository.swift */; };
		D2D929FF290A093400D46676 /* AppDelegate.swift in Sources */ = {isa = PBXBuildFile; fileRef = D2D929FE290A093400D46676 /* AppDelegate.swift */; };
		D2D92A01290A093400D46676 /* SceneDelegate.swift in Sources */ = {isa = PBXBuildFile; fileRef = D2D92A00290A093400D46676 /* SceneDelegate.swift */; };
		D2D92A03290A093400D46676 /* DishViewController.swift in Sources */ = {isa = PBXBuildFile; fileRef = D2D92A02290A093400D46676 /* DishViewController.swift */; };
		D2D92A08290A093500D46676 /* Assets.xcassets in Resources */ = {isa = PBXBuildFile; fileRef = D2D92A07290A093500D46676 /* Assets.xcassets */; };
		D2D92A0B290A093500D46676 /* LaunchScreen.storyboard in Resources */ = {isa = PBXBuildFile; fileRef = D2D92A09290A093500D46676 /* LaunchScreen.storyboard */; };
		D2D92A1D290A4ABE00D46676 /* Coordinator.swift in Sources */ = {isa = PBXBuildFile; fileRef = D2D92A1C290A4ABE00D46676 /* Coordinator.swift */; };
		D2D92A22290A52C800D46676 /* AppCoordinator.swift in Sources */ = {isa = PBXBuildFile; fileRef = D2D92A21290A52C800D46676 /* AppCoordinator.swift */; };
		D2D92A2D290A5C5400D46676 /* UIView +.swift in Sources */ = {isa = PBXBuildFile; fileRef = D2D92A2C290A5C5400D46676 /* UIView +.swift */; };
		D2D92A2F290A5D2300D46676 /* MainViewModel.swift in Sources */ = {isa = PBXBuildFile; fileRef = D2D92A2E290A5D2300D46676 /* MainViewModel.swift */; };
		D2D92A31290A681D00D46676 /* FirstSectionCoordinator.swift in Sources */ = {isa = PBXBuildFile; fileRef = D2D92A30290A681D00D46676 /* FirstSectionCoordinator.swift */; };
		D2D92A3B290A6B6800D46676 /* SecondSectionCoordinator.swift in Sources */ = {isa = PBXBuildFile; fileRef = D2D92A3A290A6B6800D46676 /* SecondSectionCoordinator.swift */; };
		D2D92A3D290A6B8E00D46676 /* ThirdSectionCoordinator.swift in Sources */ = {isa = PBXBuildFile; fileRef = D2D92A3C290A6B8E00D46676 /* ThirdSectionCoordinator.swift */; };
		D2D92A41290B5D5B00D46676 /* MainCoordinator.swift in Sources */ = {isa = PBXBuildFile; fileRef = D2D92A40290B5D5B00D46676 /* MainCoordinator.swift */; };
		D2D92A43290B5DE100D46676 /* MainTabBarViewController.swift in Sources */ = {isa = PBXBuildFile; fileRef = D2D92A42290B5DE100D46676 /* MainTabBarViewController.swift */; };
		D2D92A45290B665B00D46676 /* UIColor +.swift in Sources */ = {isa = PBXBuildFile; fileRef = D2D92A44290B665B00D46676 /* UIColor +.swift */; };
		D2D92A49290B6C2700D46676 /* TotalFoodCell.swift in Sources */ = {isa = PBXBuildFile; fileRef = D2D92A48290B6C2600D46676 /* TotalFoodCell.swift */; };
		D2D92A4B290B736200D46676 /* String +.swift in Sources */ = {isa = PBXBuildFile; fileRef = D2D92A4A290B736200D46676 /* String +.swift */; };
		D2D92A4D290B757200D46676 /* StackView +.swift in Sources */ = {isa = PBXBuildFile; fileRef = D2D92A4C290B757200D46676 /* StackView +.swift */; };
/* End PBXBuildFile section */

/* Begin PBXFileReference section */
		6F44B96DBCF37984DA8290FD /* Pods_onban.framework */ = {isa = PBXFileReference; explicitFileType = wrapper.framework; includeInIndex = 0; path = Pods_onban.framework; sourceTree = BUILT_PRODUCTS_DIR; };
		9356E8767AF3709C251677B5 /* Pods-onban.debug.xcconfig */ = {isa = PBXFileReference; includeInIndex = 1; lastKnownFileType = text.xcconfig; name = "Pods-onban.debug.xcconfig"; path = "Target Support Files/Pods-onban/Pods-onban.debug.xcconfig"; sourceTree = "<group>"; };
		A0C2773FF2FD8FE9B518CD09 /* Pods-onban.release.xcconfig */ = {isa = PBXFileReference; includeInIndex = 1; lastKnownFileType = text.xcconfig; name = "Pods-onban.release.xcconfig"; path = "Target Support Files/Pods-onban/Pods-onban.release.xcconfig"; sourceTree = "<group>"; };
		D27CB8B729120A0B00C3A8EF /* UIImageView +.swift */ = {isa = PBXFileReference; lastKnownFileType = sourcecode.swift; path = "UIImageView +.swift"; sourceTree = "<group>"; };
		D27CB8BF291255DB00C3A8EF /* FileCachedManager.swift */ = {isa = PBXFileReference; lastKnownFileType = sourcecode.swift; path = FileCachedManager.swift; sourceTree = "<group>"; };
		D27CB8C22913ADA400C3A8EF /* DetailViewController.swift */ = {isa = PBXFileReference; lastKnownFileType = sourcecode.swift; path = DetailViewController.swift; sourceTree = "<group>"; };
		D27CB8C5291494E100C3A8EF /* DetailMainImageCell.swift */ = {isa = PBXFileReference; lastKnownFileType = sourcecode.swift; path = DetailMainImageCell.swift; sourceTree = "<group>"; };
		D27CB8C72914968D00C3A8EF /* DetailTextView.swift */ = {isa = PBXFileReference; lastKnownFileType = sourcecode.swift; path = DetailTextView.swift; sourceTree = "<group>"; };
		D27CB8CA2914976F00C3A8EF /* DetailTextMainView.swift */ = {isa = PBXFileReference; lastKnownFileType = sourcecode.swift; path = DetailTextMainView.swift; sourceTree = "<group>"; };
		D27CB8CD2914A0CC00C3A8EF /* EventLabel.swift */ = {isa = PBXFileReference; lastKnownFileType = sourcecode.swift; path = EventLabel.swift; sourceTree = "<group>"; };
		D27CB8CF2914A46400C3A8EF /* DetailTextDescriptionView.swift */ = {isa = PBXFileReference; lastKnownFileType = sourcecode.swift; path = DetailTextDescriptionView.swift; sourceTree = "<group>"; };
		D27CB8D12914AC3800C3A8EF /* LineView.swift */ = {isa = PBXFileReference; lastKnownFileType = sourcecode.swift; path = LineView.swift; sourceTree = "<group>"; };
		D28CED89290F627700ADDD79 /* OnbanFoodDTO.swift */ = {isa = PBXFileReference; lastKnownFileType = sourcecode.swift; path = OnbanFoodDTO.swift; sourceTree = "<group>"; };
		D28CED8C290F83A400ADDD79 /* ViewDefaultMainUsecase.swift */ = {isa = PBXFileReference; lastKnownFileType = sourcecode.swift; path = ViewDefaultMainUsecase.swift; sourceTree = "<group>"; };
		D28CED8F290F83DD00ADDD79 /* ViewMainUsecase.swift */ = {isa = PBXFileReference; lastKnownFileType = sourcecode.swift; path = ViewMainUsecase.swift; sourceTree = "<group>"; };
		D28CED91290F847F00ADDD79 /* BasicUsecase.swift */ = {isa = PBXFileReference; lastKnownFileType = sourcecode.swift; path = BasicUsecase.swift; sourceTree = "<group>"; };
		D28CED94290F86A200ADDD79 /* OnbanFoodEntity.swift */ = {isa = PBXFileReference; lastKnownFileType = sourcecode.swift; path = OnbanFoodEntity.swift; sourceTree = "<group>"; };
		D28CED96290F9D4900ADDD79 /* RxSwift +.swift */ = {isa = PBXFileReference; lastKnownFileType = sourcecode.swift; path = "RxSwift +.swift"; sourceTree = "<group>"; };
		D28CED98290FB7CD00ADDD79 /* OnbanService.swift */ = {isa = PBXFileReference; lastKnownFileType = sourcecode.swift; path = OnbanService.swift; sourceTree = "<group>"; };
		D28CED9A290FBD2600ADDD79 /* NetworkProvider.swift */ = {isa = PBXFileReference; lastKnownFileType = sourcecode.swift; path = NetworkProvider.swift; sourceTree = "<group>"; };
		D28CED9D290FC29000ADDD79 /* ViewDefaultMainRepository.swift */ = {isa = PBXFileReference; lastKnownFileType = sourcecode.swift; path = ViewDefaultMainRepository.swift; sourceTree = "<group>"; };
		D28CED9F290FC66500ADDD79 /* JSONConverter.swift */ = {isa = PBXFileReference; lastKnownFileType = sourcecode.swift; path = JSONConverter.swift; sourceTree = "<group>"; };
		D28CEDA1290FC87800ADDD79 /* NetworkError.swift */ = {isa = PBXFileReference; lastKnownFileType = sourcecode.swift; path = NetworkError.swift; sourceTree = "<group>"; };
		D28CEDA329109AE800ADDD79 /* BasicRepository.swift */ = {isa = PBXFileReference; lastKnownFileType = sourcecode.swift; path = BasicRepository.swift; sourceTree = "<group>"; };
		D2D929FB290A093400D46676 /* onban.app */ = {isa = PBXFileReference; explicitFileType = wrapper.application; includeInIndex = 0; path = onban.app; sourceTree = BUILT_PRODUCTS_DIR; };
		D2D929FE290A093400D46676 /* AppDelegate.swift */ = {isa = PBXFileReference; lastKnownFileType = sourcecode.swift; path = AppDelegate.swift; sourceTree = "<group>"; };
		D2D92A00290A093400D46676 /* SceneDelegate.swift */ = {isa = PBXFileReference; lastKnownFileType = sourcecode.swift; path = SceneDelegate.swift; sourceTree = "<group>"; };
		D2D92A02290A093400D46676 /* DishViewController.swift */ = {isa = PBXFileReference; lastKnownFileType = sourcecode.swift; path = DishViewController.swift; sourceTree = "<group>"; };
		D2D92A07290A093500D46676 /* Assets.xcassets */ = {isa = PBXFileReference; lastKnownFileType = folder.assetcatalog; path = Assets.xcassets; sourceTree = "<group>"; };
		D2D92A0A290A093500D46676 /* Base */ = {isa = PBXFileReference; lastKnownFileType = file.storyboard; name = Base; path = Base.lproj/LaunchScreen.storyboard; sourceTree = "<group>"; };
		D2D92A0C290A093500D46676 /* Info.plist */ = {isa = PBXFileReference; lastKnownFileType = text.plist.xml; path = Info.plist; sourceTree = "<group>"; };
		D2D92A1C290A4ABE00D46676 /* Coordinator.swift */ = {isa = PBXFileReference; lastKnownFileType = sourcecode.swift; path = Coordinator.swift; sourceTree = "<group>"; };
		D2D92A21290A52C800D46676 /* AppCoordinator.swift */ = {isa = PBXFileReference; lastKnownFileType = sourcecode.swift; path = AppCoordinator.swift; sourceTree = "<group>"; };
		D2D92A2C290A5C5400D46676 /* UIView +.swift */ = {isa = PBXFileReference; lastKnownFileType = sourcecode.swift; path = "UIView +.swift"; sourceTree = "<group>"; };
		D2D92A2E290A5D2300D46676 /* MainViewModel.swift */ = {isa = PBXFileReference; lastKnownFileType = sourcecode.swift; path = MainViewModel.swift; sourceTree = "<group>"; };
		D2D92A30290A681D00D46676 /* FirstSectionCoordinator.swift */ = {isa = PBXFileReference; lastKnownFileType = sourcecode.swift; path = FirstSectionCoordinator.swift; sourceTree = "<group>"; };
		D2D92A3A290A6B6800D46676 /* SecondSectionCoordinator.swift */ = {isa = PBXFileReference; lastKnownFileType = sourcecode.swift; path = SecondSectionCoordinator.swift; sourceTree = "<group>"; };
		D2D92A3C290A6B8E00D46676 /* ThirdSectionCoordinator.swift */ = {isa = PBXFileReference; lastKnownFileType = sourcecode.swift; path = ThirdSectionCoordinator.swift; sourceTree = "<group>"; };
		D2D92A40290B5D5B00D46676 /* MainCoordinator.swift */ = {isa = PBXFileReference; lastKnownFileType = sourcecode.swift; path = MainCoordinator.swift; sourceTree = "<group>"; };
		D2D92A42290B5DE100D46676 /* MainTabBarViewController.swift */ = {isa = PBXFileReference; lastKnownFileType = sourcecode.swift; path = MainTabBarViewController.swift; sourceTree = "<group>"; };
		D2D92A44290B665B00D46676 /* UIColor +.swift */ = {isa = PBXFileReference; lastKnownFileType = sourcecode.swift; path = "UIColor +.swift"; sourceTree = "<group>"; };
		D2D92A48290B6C2600D46676 /* TotalFoodCell.swift */ = {isa = PBXFileReference; lastKnownFileType = sourcecode.swift; path = TotalFoodCell.swift; sourceTree = "<group>"; };
		D2D92A4A290B736200D46676 /* String +.swift */ = {isa = PBXFileReference; lastKnownFileType = sourcecode.swift; path = "String +.swift"; sourceTree = "<group>"; };
		D2D92A4C290B757200D46676 /* StackView +.swift */ = {isa = PBXFileReference; lastKnownFileType = sourcecode.swift; path = "StackView +.swift"; sourceTree = "<group>"; };
/* End PBXFileReference section */

/* Begin PBXFrameworksBuildPhase section */
		D2D929F8290A093400D46676 /* Frameworks */ = {
			isa = PBXFrameworksBuildPhase;
			buildActionMask = 2147483647;
			files = (
				1517767885051CCB55E09A4A /* Pods_onban.framework in Frameworks */,
			);
			runOnlyForDeploymentPostprocessing = 0;
		};
/* End PBXFrameworksBuildPhase section */

/* Begin PBXGroup section */
		1F688A3F8540DF94B74060C0 /* Frameworks */ = {
			isa = PBXGroup;
			children = (
				6F44B96DBCF37984DA8290FD /* Pods_onban.framework */,
			);
			name = Frameworks;
			sourceTree = "<group>";
		};
		8893A3395442FF644A6659CA /* Pods */ = {
			isa = PBXGroup;
			children = (
				9356E8767AF3709C251677B5 /* Pods-onban.debug.xcconfig */,
				A0C2773FF2FD8FE9B518CD09 /* Pods-onban.release.xcconfig */,
			);
			path = Pods;
			sourceTree = "<group>";
		};
		D27CB8C12913AD7D00C3A8EF /* DetailScene */ = {
			isa = PBXGroup;
			children = (
				D27CB8C42913ADA700C3A8EF /* View */,
			);
			path = DetailScene;
			sourceTree = "<group>";
		};
		D27CB8C42913ADA700C3A8EF /* View */ = {
			isa = PBXGroup;
			children = (
				D27CB8C22913ADA400C3A8EF /* DetailViewController.swift */,
				D27CB8C92914969300C3A8EF /* InnerView */,
			);
			path = View;
			sourceTree = "<group>";
		};
		D27CB8C92914969300C3A8EF /* InnerView */ = {
			isa = PBXGroup;
			children = (
				D27CB8C72914968D00C3A8EF /* DetailTextView.swift */,
				D27CB8CA2914976F00C3A8EF /* DetailTextMainView.swift */,
				D27CB8CF2914A46400C3A8EF /* DetailTextDescriptionView.swift */,
			);
			path = InnerView;
			sourceTree = "<group>";
		};
		D27CB8CC2914A0BC00C3A8EF /* Components */ = {
			isa = PBXGroup;
			children = (
				D27CB8CD2914A0CC00C3A8EF /* EventLabel.swift */,
				D27CB8D12914AC3800C3A8EF /* LineView.swift */,
			);
			path = Components;
			sourceTree = "<group>";
		};
		D28CED88290F625700ADDD79 /* DTO */ = {
			isa = PBXGroup;
			children = (
				D28CED89290F627700ADDD79 /* OnbanFoodDTO.swift */,
			);
			path = DTO;
			sourceTree = "<group>";
		};
		D28CED8B290F63BD00ADDD79 /* MainUsecase */ = {
			isa = PBXGroup;
			children = (
				D28CED8C290F83A400ADDD79 /* ViewDefaultMainUsecase.swift */,
				D28CED8E290F83C100ADDD79 /* Protocol */,
			);
			path = MainUsecase;
			sourceTree = "<group>";
		};
		D28CED8E290F83C100ADDD79 /* Protocol */ = {
			isa = PBXGroup;
			children = (
				D28CED91290F847F00ADDD79 /* BasicUsecase.swift */,
				D28CED8F290F83DD00ADDD79 /* ViewMainUsecase.swift */,
			);
			path = Protocol;
			sourceTree = "<group>";
		};
		D28CED93290F867D00ADDD79 /* Entity */ = {
			isa = PBXGroup;
			children = (
				D28CED94290F86A200ADDD79 /* OnbanFoodEntity.swift */,
			);
			path = Entity;
			sourceTree = "<group>";
		};
		D28CED9C290FC1B700ADDD79 /* Repository */ = {
			isa = PBXGroup;
			children = (
				D28CED9D290FC29000ADDD79 /* ViewDefaultMainRepository.swift */,
				D28CEDA729109B4200ADDD79 /* Protocol */,
			);
			path = Repository;
			sourceTree = "<group>";
		};
		D28CEDA729109B4200ADDD79 /* Protocol */ = {
			isa = PBXGroup;
			children = (
				D28CEDA329109AE800ADDD79 /* BasicRepository.swift */,
			);
			path = Protocol;
			sourceTree = "<group>";
		};
		D28CEDAA2910D79900ADDD79 /* View */ = {
			isa = PBXGroup;
			children = (
				D2D92A42290B5DE100D46676 /* MainTabBarViewController.swift */,
				D28CEDAB2910D7C500ADDD79 /* Tabs */,
			);
			path = View;
			sourceTree = "<group>";
		};
		D28CEDAB2910D7C500ADDD79 /* Tabs */ = {
			isa = PBXGroup;
			children = (
				D2D92A02290A093400D46676 /* DishViewController.swift */,
			);
			path = Tabs;
			sourceTree = "<group>";
		};
		D2D929F2290A093400D46676 = {
			isa = PBXGroup;
			children = (
				D2D929FD290A093400D46676 /* onban */,
				D2D929FC290A093400D46676 /* Products */,
				8893A3395442FF644A6659CA /* Pods */,
				1F688A3F8540DF94B74060C0 /* Frameworks */,
			);
			sourceTree = "<group>";
		};
		D2D929FC290A093400D46676 /* Products */ = {
			isa = PBXGroup;
			children = (
				D2D929FB290A093400D46676 /* onban.app */,
			);
			name = Products;
			sourceTree = "<group>";
		};
		D2D929FD290A093400D46676 /* onban */ = {
			isa = PBXGroup;
			children = (
				D2D92A16290A49F200D46676 /* Important */,
				D2D92A1A290A4A6E00D46676 /* Helper */,
				D2D92A1B290A4A7900D46676 /* Coordinator */,
				D2D92A12290A497A00D46676 /* PresentationLayer */,
				D2D92A17290A4A2500D46676 /* DomainLayer */,
				D2D92A18290A4A2E00D46676 /* DataLayer */,
			);
			path = onban;
			sourceTree = "<group>";
		};
		D2D92A12290A497A00D46676 /* PresentationLayer */ = {
			isa = PBXGroup;
			children = (
				D2D92A47290B6BCF00D46676 /* CollectionCell */,
				D2D92A46290B6BB500D46676 /* TabBarScene */,
				D27CB8C12913AD7D00C3A8EF /* DetailScene */,
			);
			path = PresentationLayer;
			sourceTree = "<group>";
		};
		D2D92A15290A49C800D46676 /* ViewModel */ = {
			isa = PBXGroup;
			children = (
				D2D92A2E290A5D2300D46676 /* MainViewModel.swift */,
			);
			path = ViewModel;
			sourceTree = "<group>";
		};
		D2D92A16290A49F200D46676 /* Important */ = {
			isa = PBXGroup;
			children = (
				D2D929FE290A093400D46676 /* AppDelegate.swift */,
				D2D92A00290A093400D46676 /* SceneDelegate.swift */,
				D2D92A07290A093500D46676 /* Assets.xcassets */,
				D2D92A09290A093500D46676 /* LaunchScreen.storyboard */,
				D2D92A0C290A093500D46676 /* Info.plist */,
			);
			path = Important;
			sourceTree = "<group>";
		};
		D2D92A17290A4A2500D46676 /* DomainLayer */ = {
			isa = PBXGroup;
			children = (
				D28CED8B290F63BD00ADDD79 /* MainUsecase */,
				D28CED93290F867D00ADDD79 /* Entity */,
			);
			path = DomainLayer;
			sourceTree = "<group>";
		};
		D2D92A18290A4A2E00D46676 /* DataLayer */ = {
			isa = PBXGroup;
			children = (
				D28CED9C290FC1B700ADDD79 /* Repository */,
				D2D92A19290A4A3200D46676 /* Network */,
				D28CED88290F625700ADDD79 /* DTO */,
			);
			path = DataLayer;
			sourceTree = "<group>";
		};
		D2D92A19290A4A3200D46676 /* Network */ = {
			isa = PBXGroup;
			children = (
				D28CEDA1290FC87800ADDD79 /* NetworkError.swift */,
				D28CED98290FB7CD00ADDD79 /* OnbanService.swift */,
				D28CED9A290FBD2600ADDD79 /* NetworkProvider.swift */,
			);
			path = Network;
			sourceTree = "<group>";
		};
		D2D92A1A290A4A6E00D46676 /* Helper */ = {
			isa = PBXGroup;
			children = (
				D28CED9F290FC66500ADDD79 /* JSONConverter.swift */,
				D27CB8BF291255DB00C3A8EF /* FileCachedManager.swift */,
				D27CB8CC2914A0BC00C3A8EF /* Components */,
				D2D92A2B290A5C4500D46676 /* Extension */,
			);
			path = Helper;
			sourceTree = "<group>";
		};
		D2D92A1B290A4A7900D46676 /* Coordinator */ = {
			isa = PBXGroup;
			children = (
				D2D92A21290A52C800D46676 /* AppCoordinator.swift */,
				D2D92A40290B5D5B00D46676 /* MainCoordinator.swift */,
				D2D92A30290A681D00D46676 /* FirstSectionCoordinator.swift */,
				D2D92A3A290A6B6800D46676 /* SecondSectionCoordinator.swift */,
				D2D92A3C290A6B8E00D46676 /* ThirdSectionCoordinator.swift */,
				D2D92A1E290A4BD300D46676 /* protocol */,
				D2D92A26290A564200D46676 /* delegate */,
			);
			path = Coordinator;
			sourceTree = "<group>";
		};
		D2D92A1E290A4BD300D46676 /* protocol */ = {
			isa = PBXGroup;
			children = (
				D2D92A1C290A4ABE00D46676 /* Coordinator.swift */,
			);
			path = protocol;
			sourceTree = "<group>";
		};
		D2D92A26290A564200D46676 /* delegate */ = {
			isa = PBXGroup;
			children = (
			);
			path = delegate;
			sourceTree = "<group>";
		};
		D2D92A2B290A5C4500D46676 /* Extension */ = {
			isa = PBXGroup;
			children = (
				D2D92A2C290A5C5400D46676 /* UIView +.swift */,
				D2D92A44290B665B00D46676 /* UIColor +.swift */,
				D2D92A4A290B736200D46676 /* String +.swift */,
				D2D92A4C290B757200D46676 /* StackView +.swift */,
				D28CED96290F9D4900ADDD79 /* RxSwift +.swift */,
				D27CB8B729120A0B00C3A8EF /* UIImageView +.swift */,
			);
			path = Extension;
			sourceTree = "<group>";
		};
		D2D92A46290B6BB500D46676 /* TabBarScene */ = {
			isa = PBXGroup;
			children = (
				D2D92A15290A49C800D46676 /* ViewModel */,
				D28CEDAA2910D79900ADDD79 /* View */,
			);
			path = TabBarScene;
			sourceTree = "<group>";
		};
		D2D92A47290B6BCF00D46676 /* CollectionCell */ = {
			isa = PBXGroup;
			children = (
				D2D92A48290B6C2600D46676 /* TotalFoodCell.swift */,
				D27CB8C5291494E100C3A8EF /* DetailMainImageCell.swift */,
			);
			path = CollectionCell;
			sourceTree = "<group>";
		};
/* End PBXGroup section */

/* Begin PBXNativeTarget section */
		D2D929FA290A093400D46676 /* onban */ = {
			isa = PBXNativeTarget;
			buildConfigurationList = D2D92A0F290A093500D46676 /* Build configuration list for PBXNativeTarget "onban" */;
			buildPhases = (
				A4B91A05FAF648FD50EF7CE9 /* [CP] Check Pods Manifest.lock */,
				D2D929F7290A093400D46676 /* Sources */,
				D2D929F8290A093400D46676 /* Frameworks */,
				D2D929F9290A093400D46676 /* Resources */,
				1D257E2B30DD3154EF8CA0F1 /* [CP] Embed Pods Frameworks */,
			);
			buildRules = (
			);
			dependencies = (
			);
			name = onban;
			productName = onban;
			productReference = D2D929FB290A093400D46676 /* onban.app */;
			productType = "com.apple.product-type.application";
		};
/* End PBXNativeTarget section */

/* Begin PBXProject section */
		D2D929F3290A093400D46676 /* Project object */ = {
			isa = PBXProject;
			attributes = {
				BuildIndependentTargetsInParallel = 1;
				LastSwiftUpdateCheck = 1400;
				LastUpgradeCheck = 1400;
				TargetAttributes = {
					D2D929FA290A093400D46676 = {
						CreatedOnToolsVersion = 14.0;
					};
				};
			};
			buildConfigurationList = D2D929F6290A093400D46676 /* Build configuration list for PBXProject "onban" */;
			compatibilityVersion = "Xcode 14.0";
			developmentRegion = en;
			hasScannedForEncodings = 0;
			knownRegions = (
				en,
				Base,
			);
			mainGroup = D2D929F2290A093400D46676;
			productRefGroup = D2D929FC290A093400D46676 /* Products */;
			projectDirPath = "";
			projectRoot = "";
			targets = (
				D2D929FA290A093400D46676 /* onban */,
			);
		};
/* End PBXProject section */

/* Begin PBXResourcesBuildPhase section */
		D2D929F9290A093400D46676 /* Resources */ = {
			isa = PBXResourcesBuildPhase;
			buildActionMask = 2147483647;
			files = (
				D2D92A0B290A093500D46676 /* LaunchScreen.storyboard in Resources */,
				D2D92A08290A093500D46676 /* Assets.xcassets in Resources */,
			);
			runOnlyForDeploymentPostprocessing = 0;
		};
/* End PBXResourcesBuildPhase section */

/* Begin PBXShellScriptBuildPhase section */
		1D257E2B30DD3154EF8CA0F1 /* [CP] Embed Pods Frameworks */ = {
			isa = PBXShellScriptBuildPhase;
			buildActionMask = 2147483647;
			files = (
			);
			inputFileListPaths = (
				"${PODS_ROOT}/Target Support Files/Pods-onban/Pods-onban-frameworks-${CONFIGURATION}-input-files.xcfilelist",
			);
			name = "[CP] Embed Pods Frameworks";
			outputFileListPaths = (
				"${PODS_ROOT}/Target Support Files/Pods-onban/Pods-onban-frameworks-${CONFIGURATION}-output-files.xcfilelist",
			);
			runOnlyForDeploymentPostprocessing = 0;
			shellPath = /bin/sh;
			shellScript = "\"${PODS_ROOT}/Target Support Files/Pods-onban/Pods-onban-frameworks.sh\"\n";
			showEnvVarsInLog = 0;
		};
		A4B91A05FAF648FD50EF7CE9 /* [CP] Check Pods Manifest.lock */ = {
			isa = PBXShellScriptBuildPhase;
			buildActionMask = 2147483647;
			files = (
			);
			inputFileListPaths = (
			);
			inputPaths = (
				"${PODS_PODFILE_DIR_PATH}/Podfile.lock",
				"${PODS_ROOT}/Manifest.lock",
			);
			name = "[CP] Check Pods Manifest.lock";
			outputFileListPaths = (
			);
			outputPaths = (
				"$(DERIVED_FILE_DIR)/Pods-onban-checkManifestLockResult.txt",
			);
			runOnlyForDeploymentPostprocessing = 0;
			shellPath = /bin/sh;
			shellScript = "diff \"${PODS_PODFILE_DIR_PATH}/Podfile.lock\" \"${PODS_ROOT}/Manifest.lock\" > /dev/null\nif [ $? != 0 ] ; then\n    # print error to STDERR\n    echo \"error: The sandbox is not in sync with the Podfile.lock. Run 'pod install' or update your CocoaPods installation.\" >&2\n    exit 1\nfi\n# This output is used by Xcode 'outputs' to avoid re-running this script phase.\necho \"SUCCESS\" > \"${SCRIPT_OUTPUT_FILE_0}\"\n";
			showEnvVarsInLog = 0;
		};
/* End PBXShellScriptBuildPhase section */

/* Begin PBXSourcesBuildPhase section */
		D2D929F7290A093400D46676 /* Sources */ = {
			isa = PBXSourcesBuildPhase;
			buildActionMask = 2147483647;
			files = (
				D2D92A4D290B757200D46676 /* StackView +.swift in Sources */,
				D2D92A45290B665B00D46676 /* UIColor +.swift in Sources */,
				D28CED9B290FBD2600ADDD79 /* NetworkProvider.swift in Sources */,
				D28CEDA429109AE800ADDD79 /* BasicRepository.swift in Sources */,
				D2D92A22290A52C800D46676 /* AppCoordinator.swift in Sources */,
				D28CED95290F86A200ADDD79 /* OnbanFoodEntity.swift in Sources */,
				D2D92A3B290A6B6800D46676 /* SecondSectionCoordinator.swift in Sources */,
				D2D92A4B290B736200D46676 /* String +.swift in Sources */,
				D27CB8D22914AC3800C3A8EF /* LineView.swift in Sources */,
				D2D92A31290A681D00D46676 /* FirstSectionCoordinator.swift in Sources */,
				D28CEDA2290FC87800ADDD79 /* NetworkError.swift in Sources */,
				D2D92A3D290A6B8E00D46676 /* ThirdSectionCoordinator.swift in Sources */,
				D27CB8CE2914A0CC00C3A8EF /* EventLabel.swift in Sources */,
				D28CED8A290F627700ADDD79 /* OnbanFoodDTO.swift in Sources */,
				D2D92A1D290A4ABE00D46676 /* Coordinator.swift in Sources */,
				D28CED90290F83DD00ADDD79 /* ViewMainUsecase.swift in Sources */,
				D2D92A03290A093400D46676 /* DishViewController.swift in Sources */,
				D27CB8C6291494E100C3A8EF /* DetailMainImageCell.swift in Sources */,
				D27CB8C82914968D00C3A8EF /* DetailTextView.swift in Sources */,
				D27CB8B829120A0B00C3A8EF /* UIImageView +.swift in Sources */,
				D2D929FF290A093400D46676 /* AppDelegate.swift in Sources */,
				D28CED92290F847F00ADDD79 /* BasicUsecase.swift in Sources */,
				D2D92A49290B6C2700D46676 /* TotalFoodCell.swift in Sources */,
				D27CB8C32913ADA400C3A8EF /* DetailViewController.swift in Sources */,
				D28CED9E290FC29000ADDD79 /* ViewDefaultMainRepository.swift in Sources */,
				D27CB8CB2914976F00C3A8EF /* DetailTextMainView.swift in Sources */,
				D28CED99290FB7CD00ADDD79 /* OnbanService.swift in Sources */,
				D2D92A2D290A5C5400D46676 /* UIView +.swift in Sources */,
				D2D92A41290B5D5B00D46676 /* MainCoordinator.swift in Sources */,
				D28CED97290F9D4900ADDD79 /* RxSwift +.swift in Sources */,
				D27CB8D02914A46400C3A8EF /* DetailTextDescriptionView.swift in Sources */,
				D2D92A43290B5DE100D46676 /* MainTabBarViewController.swift in Sources */,
				D28CED8D290F83A400ADDD79 /* ViewDefaultMainUsecase.swift in Sources */,
				D28CEDA0290FC66500ADDD79 /* JSONConverter.swift in Sources */,
				D27CB8C0291255DB00C3A8EF /* FileCachedManager.swift in Sources */,
				D2D92A2F290A5D2300D46676 /* MainViewModel.swift in Sources */,
				D2D92A01290A093400D46676 /* SceneDelegate.swift in Sources */,
			);
			runOnlyForDeploymentPostprocessing = 0;
		};
/* End PBXSourcesBuildPhase section */

/* Begin PBXVariantGroup section */
		D2D92A09290A093500D46676 /* LaunchScreen.storyboard */ = {
			isa = PBXVariantGroup;
			children = (
				D2D92A0A290A093500D46676 /* Base */,
			);
			name = LaunchScreen.storyboard;
			sourceTree = "<group>";
		};
/* End PBXVariantGroup section */

/* Begin XCBuildConfiguration section */
		D2D92A0D290A093500D46676 /* Debug */ = {
			isa = XCBuildConfiguration;
			buildSettings = {
				ALWAYS_SEARCH_USER_PATHS = NO;
				CLANG_ANALYZER_NONNULL = YES;
				CLANG_ANALYZER_NUMBER_OBJECT_CONVERSION = YES_AGGRESSIVE;
				CLANG_CXX_LANGUAGE_STANDARD = "gnu++20";
				CLANG_ENABLE_MODULES = YES;
				CLANG_ENABLE_OBJC_ARC = YES;
				CLANG_ENABLE_OBJC_WEAK = YES;
				CLANG_WARN_BLOCK_CAPTURE_AUTORELEASING = YES;
				CLANG_WARN_BOOL_CONVERSION = YES;
				CLANG_WARN_COMMA = YES;
				CLANG_WARN_CONSTANT_CONVERSION = YES;
				CLANG_WARN_DEPRECATED_OBJC_IMPLEMENTATIONS = YES;
				CLANG_WARN_DIRECT_OBJC_ISA_USAGE = YES_ERROR;
				CLANG_WARN_DOCUMENTATION_COMMENTS = YES;
				CLANG_WARN_EMPTY_BODY = YES;
				CLANG_WARN_ENUM_CONVERSION = YES;
				CLANG_WARN_INFINITE_RECURSION = YES;
				CLANG_WARN_INT_CONVERSION = YES;
				CLANG_WARN_NON_LITERAL_NULL_CONVERSION = YES;
				CLANG_WARN_OBJC_IMPLICIT_RETAIN_SELF = YES;
				CLANG_WARN_OBJC_LITERAL_CONVERSION = YES;
				CLANG_WARN_OBJC_ROOT_CLASS = YES_ERROR;
				CLANG_WARN_QUOTED_INCLUDE_IN_FRAMEWORK_HEADER = YES;
				CLANG_WARN_RANGE_LOOP_ANALYSIS = YES;
				CLANG_WARN_STRICT_PROTOTYPES = YES;
				CLANG_WARN_SUSPICIOUS_MOVE = YES;
				CLANG_WARN_UNGUARDED_AVAILABILITY = YES_AGGRESSIVE;
				CLANG_WARN_UNREACHABLE_CODE = YES;
				CLANG_WARN__DUPLICATE_METHOD_MATCH = YES;
				COPY_PHASE_STRIP = NO;
				DEBUG_INFORMATION_FORMAT = dwarf;
				ENABLE_STRICT_OBJC_MSGSEND = YES;
				ENABLE_TESTABILITY = YES;
				GCC_C_LANGUAGE_STANDARD = gnu11;
				GCC_DYNAMIC_NO_PIC = NO;
				GCC_NO_COMMON_BLOCKS = YES;
				GCC_OPTIMIZATION_LEVEL = 0;
				GCC_PREPROCESSOR_DEFINITIONS = (
					"DEBUG=1",
					"$(inherited)",
				);
				GCC_WARN_64_TO_32_BIT_CONVERSION = YES;
				GCC_WARN_ABOUT_RETURN_TYPE = YES_ERROR;
				GCC_WARN_UNDECLARED_SELECTOR = YES;
				GCC_WARN_UNINITIALIZED_AUTOS = YES_AGGRESSIVE;
				GCC_WARN_UNUSED_FUNCTION = YES;
				GCC_WARN_UNUSED_VARIABLE = YES;
				IPHONEOS_DEPLOYMENT_TARGET = 16.0;
				MTL_ENABLE_DEBUG_INFO = INCLUDE_SOURCE;
				MTL_FAST_MATH = YES;
				ONLY_ACTIVE_ARCH = YES;
				SDKROOT = iphoneos;
				SWIFT_ACTIVE_COMPILATION_CONDITIONS = DEBUG;
				SWIFT_OPTIMIZATION_LEVEL = "-Onone";
			};
			name = Debug;
		};
		D2D92A0E290A093500D46676 /* Release */ = {
			isa = XCBuildConfiguration;
			buildSettings = {
				ALWAYS_SEARCH_USER_PATHS = NO;
				CLANG_ANALYZER_NONNULL = YES;
				CLANG_ANALYZER_NUMBER_OBJECT_CONVERSION = YES_AGGRESSIVE;
				CLANG_CXX_LANGUAGE_STANDARD = "gnu++20";
				CLANG_ENABLE_MODULES = YES;
				CLANG_ENABLE_OBJC_ARC = YES;
				CLANG_ENABLE_OBJC_WEAK = YES;
				CLANG_WARN_BLOCK_CAPTURE_AUTORELEASING = YES;
				CLANG_WARN_BOOL_CONVERSION = YES;
				CLANG_WARN_COMMA = YES;
				CLANG_WARN_CONSTANT_CONVERSION = YES;
				CLANG_WARN_DEPRECATED_OBJC_IMPLEMENTATIONS = YES;
				CLANG_WARN_DIRECT_OBJC_ISA_USAGE = YES_ERROR;
				CLANG_WARN_DOCUMENTATION_COMMENTS = YES;
				CLANG_WARN_EMPTY_BODY = YES;
				CLANG_WARN_ENUM_CONVERSION = YES;
				CLANG_WARN_INFINITE_RECURSION = YES;
				CLANG_WARN_INT_CONVERSION = YES;
				CLANG_WARN_NON_LITERAL_NULL_CONVERSION = YES;
				CLANG_WARN_OBJC_IMPLICIT_RETAIN_SELF = YES;
				CLANG_WARN_OBJC_LITERAL_CONVERSION = YES;
				CLANG_WARN_OBJC_ROOT_CLASS = YES_ERROR;
				CLANG_WARN_QUOTED_INCLUDE_IN_FRAMEWORK_HEADER = YES;
				CLANG_WARN_RANGE_LOOP_ANALYSIS = YES;
				CLANG_WARN_STRICT_PROTOTYPES = YES;
				CLANG_WARN_SUSPICIOUS_MOVE = YES;
				CLANG_WARN_UNGUARDED_AVAILABILITY = YES_AGGRESSIVE;
				CLANG_WARN_UNREACHABLE_CODE = YES;
				CLANG_WARN__DUPLICATE_METHOD_MATCH = YES;
				COPY_PHASE_STRIP = NO;
				DEBUG_INFORMATION_FORMAT = "dwarf-with-dsym";
				ENABLE_NS_ASSERTIONS = NO;
				ENABLE_STRICT_OBJC_MSGSEND = YES;
				GCC_C_LANGUAGE_STANDARD = gnu11;
				GCC_NO_COMMON_BLOCKS = YES;
				GCC_WARN_64_TO_32_BIT_CONVERSION = YES;
				GCC_WARN_ABOUT_RETURN_TYPE = YES_ERROR;
				GCC_WARN_UNDECLARED_SELECTOR = YES;
				GCC_WARN_UNINITIALIZED_AUTOS = YES_AGGRESSIVE;
				GCC_WARN_UNUSED_FUNCTION = YES;
				GCC_WARN_UNUSED_VARIABLE = YES;
				IPHONEOS_DEPLOYMENT_TARGET = 16.0;
				MTL_ENABLE_DEBUG_INFO = NO;
				MTL_FAST_MATH = YES;
				SDKROOT = iphoneos;
				SWIFT_COMPILATION_MODE = wholemodule;
				SWIFT_OPTIMIZATION_LEVEL = "-O";
				VALIDATE_PRODUCT = YES;
			};
			name = Release;
		};
		D2D92A10290A093500D46676 /* Debug */ = {
			isa = XCBuildConfiguration;
			baseConfigurationReference = 9356E8767AF3709C251677B5 /* Pods-onban.debug.xcconfig */;
			buildSettings = {
				ASSETCATALOG_COMPILER_APPICON_NAME = AppIcon;
				ASSETCATALOG_COMPILER_GLOBAL_ACCENT_COLOR_NAME = AccentColor;
				CODE_SIGN_STYLE = Automatic;
				CURRENT_PROJECT_VERSION = 1;
				DEVELOPMENT_TEAM = B3PWYBKFUK;
				GENERATE_INFOPLIST_FILE = YES;
				INFOPLIST_FILE = onban/Info.plist;
				INFOPLIST_KEY_UIApplicationSupportsIndirectInputEvents = YES;
				INFOPLIST_KEY_UILaunchStoryboardName = LaunchScreen;
				INFOPLIST_KEY_UISupportedInterfaceOrientations_iPad = "UIInterfaceOrientationPortrait UIInterfaceOrientationPortraitUpsideDown UIInterfaceOrientationLandscapeLeft UIInterfaceOrientationLandscapeRight";
				INFOPLIST_KEY_UISupportedInterfaceOrientations_iPhone = "UIInterfaceOrientationPortrait UIInterfaceOrientationLandscapeLeft UIInterfaceOrientationLandscapeRight";
				IPHONEOS_DEPLOYMENT_TARGET = 14.0;
				LD_RUNPATH_SEARCH_PATHS = (
					"$(inherited)",
					"@executable_path/Frameworks",
				);
				MARKETING_VERSION = 1.0;
				PRODUCT_BUNDLE_IDENTIFIER = com.practice.onban;
				PRODUCT_NAME = "$(TARGET_NAME)";
				SWIFT_EMIT_LOC_STRINGS = YES;
				SWIFT_VERSION = 5.0;
				TARGETED_DEVICE_FAMILY = "1,2";
			};
			name = Debug;
		};
		D2D92A11290A093500D46676 /* Release */ = {
			isa = XCBuildConfiguration;
			baseConfigurationReference = A0C2773FF2FD8FE9B518CD09 /* Pods-onban.release.xcconfig */;
			buildSettings = {
				ASSETCATALOG_COMPILER_APPICON_NAME = AppIcon;
				ASSETCATALOG_COMPILER_GLOBAL_ACCENT_COLOR_NAME = AccentColor;
				CODE_SIGN_STYLE = Automatic;
				CURRENT_PROJECT_VERSION = 1;
				DEVELOPMENT_TEAM = B3PWYBKFUK;
				GENERATE_INFOPLIST_FILE = YES;
				INFOPLIST_FILE = onban/Info.plist;
				INFOPLIST_KEY_UIApplicationSupportsIndirectInputEvents = YES;
				INFOPLIST_KEY_UILaunchStoryboardName = LaunchScreen;
				INFOPLIST_KEY_UISupportedInterfaceOrientations_iPad = "UIInterfaceOrientationPortrait UIInterfaceOrientationPortraitUpsideDown UIInterfaceOrientationLandscapeLeft UIInterfaceOrientationLandscapeRight";
				INFOPLIST_KEY_UISupportedInterfaceOrientations_iPhone = "UIInterfaceOrientationPortrait UIInterfaceOrientationLandscapeLeft UIInterfaceOrientationLandscapeRight";
				IPHONEOS_DEPLOYMENT_TARGET = 14.0;
				LD_RUNPATH_SEARCH_PATHS = (
					"$(inherited)",
					"@executable_path/Frameworks",
				);
				MARKETING_VERSION = 1.0;
				PRODUCT_BUNDLE_IDENTIFIER = com.practice.onban;
				PRODUCT_NAME = "$(TARGET_NAME)";
				SWIFT_EMIT_LOC_STRINGS = YES;
				SWIFT_VERSION = 5.0;
				TARGETED_DEVICE_FAMILY = "1,2";
			};
			name = Release;
		};
/* End XCBuildConfiguration section */

/* Begin XCConfigurationList section */
		D2D929F6290A093400D46676 /* Build configuration list for PBXProject "onban" */ = {
			isa = XCConfigurationList;
			buildConfigurations = (
				D2D92A0D290A093500D46676 /* Debug */,
				D2D92A0E290A093500D46676 /* Release */,
			);
			defaultConfigurationIsVisible = 0;
			defaultConfigurationName = Release;
		};
		D2D92A0F290A093500D46676 /* Build configuration list for PBXNativeTarget "onban" */ = {
			isa = XCConfigurationList;
			buildConfigurations = (
				D2D92A10290A093500D46676 /* Debug */,
				D2D92A11290A093500D46676 /* Release */,
			);
			defaultConfigurationIsVisible = 0;
			defaultConfigurationName = Release;
		};
/* End XCConfigurationList section */
	};
	rootObject = D2D929F3290A093400D46676 /* Project object */;
}
